// !$*UTF8*$!
{
	archiveVersion = 1;
	classes = {
	};
	objectVersion = 46;
	objects = {

/* Begin PBXBuildFile section */
		270D2DC4154025DE0088C59C /* slider.png in Resources */ = {isa = PBXBuildFile; fileRef = 270D2DC2154025DE0088C59C /* slider.png */; };
		270D2DC5154025DE0088C59C /* slider@2x.png in Resources */ = {isa = PBXBuildFile; fileRef = 270D2DC3154025DE0088C59C /* slider@2x.png */; };
		2719C0D115664306007E49A4 /* WidgetWeatherSettingView.xib in Resources */ = {isa = PBXBuildFile; fileRef = 2719C0D015664306007E49A4 /* WidgetWeatherSettingView.xib */; };
		2719C0D415664318007E49A4 /* WidgetCalendarSettingView.xib in Resources */ = {isa = PBXBuildFile; fileRef = 2719C0D315664318007E49A4 /* WidgetCalendarSettingView.xib */; };
		271E82EC156EB9F400110EFA /* emptyface.png in Resources */ = {isa = PBXBuildFile; fileRef = 271E82EB156EB9F400110EFA /* emptyface.png */; };
		271E82EF156EC2C600110EFA /* frame.png in Resources */ = {isa = PBXBuildFile; fileRef = 271E82EE156EC2C600110EFA /* frame.png */; };
		274DA7C215764AC400F864DE /* InfoViewController.m in Sources */ = {isa = PBXBuildFile; fileRef = 274DA7C015764AC400F864DE /* InfoViewController.m */; };
		274DA7C315764AC400F864DE /* InfoViewController.xib in Resources */ = {isa = PBXBuildFile; fileRef = 274DA7C115764AC400F864DE /* InfoViewController.xib */; };
		274DA7CB15765C0200F864DE /* setting_icon.jpg in Resources */ = {isa = PBXBuildFile; fileRef = 274DA7C915765C0200F864DE /* setting_icon.jpg */; };
		274DA7CC15765C0200F864DE /* setting_icon@2x.jpg in Resources */ = {isa = PBXBuildFile; fileRef = 274DA7CA15765C0200F864DE /* setting_icon@2x.jpg */; };
		2752BBEE157E1E9D0053FE77 /* TestViewController.m in Sources */ = {isa = PBXBuildFile; fileRef = 2752BBEC157E1E9D0053FE77 /* TestViewController.m */; };
		2752BBEF157E1E9D0053FE77 /* TestViewController.xib in Resources */ = {isa = PBXBuildFile; fileRef = 2752BBED157E1E9D0053FE77 /* TestViewController.xib */; };
		2752BBF3157E26900053FE77 /* AlarmViewController.m in Sources */ = {isa = PBXBuildFile; fileRef = 2752BBF1157E26900053FE77 /* AlarmViewController.m */; };
		2752BBF4157E26900053FE77 /* AlarmViewController.xib in Resources */ = {isa = PBXBuildFile; fileRef = 2752BBF2157E26900053FE77 /* AlarmViewController.xib */; };
		275596CD1580CA5F00FD72A2 /* libMWManager.a in Frameworks */ = {isa = PBXBuildFile; fileRef = 275596CB1580CA5F00FD72A2 /* libMWManager.a */; };
		27579DCA156C226400C8BAB0 /* README in Resources */ = {isa = PBXBuildFile; fileRef = 27579DC9156C226400C8BAB0 /* README */; };
		27590B54153F5D5D00A26413 /* bar-right.png in Resources */ = {isa = PBXBuildFile; fileRef = 27590B50153F5D5D00A26413 /* bar-right.png */; };
		27590B55153F5D5D00A26413 /* bar-left.png in Resources */ = {isa = PBXBuildFile; fileRef = 27590B51153F5D5D00A26413 /* bar-left.png */; };
		27590B56153F5D5D00A26413 /* bar-left@2x.png in Resources */ = {isa = PBXBuildFile; fileRef = 27590B52153F5D5D00A26413 /* bar-left@2x.png */; };
		27590B57153F5D5D00A26413 /* bar-right@2x.png in Resources */ = {isa = PBXBuildFile; fileRef = 27590B53153F5D5D00A26413 /* bar-right@2x.png */; };
		27590B5B153F725D00A26413 /* DragImageView.m in Sources */ = {isa = PBXBuildFile; fileRef = 27590B5A153F725C00A26413 /* DragImageView.m */; };
		275A00BA153EA9470096E977 /* UIKit.framework in Frameworks */ = {isa = PBXBuildFile; fileRef = 275A00B9153EA9470096E977 /* UIKit.framework */; };
		275A00BC153EA9470096E977 /* Foundation.framework in Frameworks */ = {isa = PBXBuildFile; fileRef = 275A00BB153EA9470096E977 /* Foundation.framework */; };
		275A00BE153EA9470096E977 /* CoreGraphics.framework in Frameworks */ = {isa = PBXBuildFile; fileRef = 275A00BD153EA9470096E977 /* CoreGraphics.framework */; };
		275A00C4153EA9470096E977 /* InfoPlist.strings in Resources */ = {isa = PBXBuildFile; fileRef = 275A00C2153EA9470096E977 /* InfoPlist.strings */; };
		275A00C6153EA9470096E977 /* main.m in Sources */ = {isa = PBXBuildFile; fileRef = 275A00C5153EA9470096E977 /* main.m */; };
		275A00CA153EA9470096E977 /* AppDelegate.m in Sources */ = {isa = PBXBuildFile; fileRef = 275A00C9153EA9470096E977 /* AppDelegate.m */; };
		275A00CD153EA9470096E977 /* MasterViewController.m in Sources */ = {isa = PBXBuildFile; fileRef = 275A00CC153EA9470096E977 /* MasterViewController.m */; };
		275A00D3153EA9470096E977 /* MasterViewController.xib in Resources */ = {isa = PBXBuildFile; fileRef = 275A00D1153EA9470096E977 /* MasterViewController.xib */; };
		275A00DF153EA9D10096E977 /* dude.png in Resources */ = {isa = PBXBuildFile; fileRef = 275A00DD153EA9D10096E977 /* dude.png */; };
		275A00E0153EA9D10096E977 /* handsfree@2x.jpeg in Resources */ = {isa = PBXBuildFile; fileRef = 275A00DE153EA9D10096E977 /* handsfree@2x.jpeg */; };
		275A00E2153EB42D0096E977 /* watchface.png in Resources */ = {isa = PBXBuildFile; fileRef = 275A00E1153EB42D0096E977 /* watchface.png */; };
		275A00E4153EB47D0096E977 /* watchface@2x.png in Resources */ = {isa = PBXBuildFile; fileRef = 275A00E3153EB47D0096E977 /* watchface@2x.png */; };
		275A00E6153EB4DB0096E977 /* handsfree.jpeg in Resources */ = {isa = PBXBuildFile; fileRef = 275A00E5153EB4DB0096E977 /* handsfree.jpeg */; };
		275A00E8153EC6600096E977 /* idel.bmp in Resources */ = {isa = PBXBuildFile; fileRef = 275A00E7153EC6600096E977 /* idel.bmp */; };
		276A1B2C15512434007C77C7 /* CoreBluetooth.framework in Frameworks */ = {isa = PBXBuildFile; fileRef = 276A1B2B15512434007C77C7 /* CoreBluetooth.framework */; };
		279CDCFD1562B8FA00C9FA63 /* MediaPlayer.framework in Frameworks */ = {isa = PBXBuildFile; fileRef = 279CDCFC1562B8FA00C9FA63 /* MediaPlayer.framework */; };
		27A71CD5156BC44D0025D784 /* LICENSE in Resources */ = {isa = PBXBuildFile; fileRef = 27A71CD4156BC44D0025D784 /* LICENSE */; };
		27CED4B21575392B00539874 /* setting@2x.png in Resources */ = {isa = PBXBuildFile; fileRef = 27CED4B11575392B00539874 /* setting@2x.png */; };
		27CED4B515753A5600539874 /* setting.png in Resources */ = {isa = PBXBuildFile; fileRef = 27CED4B415753A5600539874 /* setting.png */; };
		27CED4BE15753F1400539874 /* SettingsViewController.m in Sources */ = {isa = PBXBuildFile; fileRef = 27CED4BC15753F1400539874 /* SettingsViewController.m */; };
		27CED4BF15753F1400539874 /* SettingsViewController.xib in Resources */ = {isa = PBXBuildFile; fileRef = 27CED4BD15753F1400539874 /* SettingsViewController.xib */; };
		27E0F37C153ED04400D1C3F3 /* header-logo.png in Resources */ = {isa = PBXBuildFile; fileRef = 27E0F37A153ED04400D1C3F3 /* header-logo.png */; };
		27E0F37D153ED04400D1C3F3 /* header-logo@2x.png in Resources */ = {isa = PBXBuildFile; fileRef = 27E0F37B153ED04400D1C3F3 /* header-logo@2x.png */; };
		27E0F381153ED09300D1C3F3 /* RevolutionStamp transparent fade.png in Resources */ = {isa = PBXBuildFile; fileRef = 27E0F37F153ED09300D1C3F3 /* RevolutionStamp transparent fade.png */; };
		27E0F382153ED09300D1C3F3 /* RevolutionStamp transparent fade@2x.png in Resources */ = {isa = PBXBuildFile; fileRef = 27E0F380153ED09300D1C3F3 /* RevolutionStamp transparent fade@2x.png */; };
		27E0F385153ED14000D1C3F3 /* site-background.jpg in Resources */ = {isa = PBXBuildFile; fileRef = 27E0F383153ED14000D1C3F3 /* site-background.jpg */; };
		27E0F386153ED14000D1C3F3 /* site-background@2x.jpg in Resources */ = {isa = PBXBuildFile; fileRef = 27E0F384153ED14000D1C3F3 /* site-background@2x.jpg */; };
		27E0F38B153ED8D300D1C3F3 /* barbg.png in Resources */ = {isa = PBXBuildFile; fileRef = 27E0F389153ED8D300D1C3F3 /* barbg.png */; };
		27E0F38C153ED8D300D1C3F3 /* barbg@2x.png in Resources */ = {isa = PBXBuildFile; fileRef = 27E0F38A153ED8D300D1C3F3 /* barbg@2x.png */; };
		27E0F3B6153F05E100D1C3F3 /* metawatch_8pt_5pxl_CAPS.ttf in Resources */ = {isa = PBXBuildFile; fileRef = 27E0F3B1153F05E100D1C3F3 /* metawatch_8pt_5pxl_CAPS.ttf */; };
		27E0F3B7153F05E100D1C3F3 /* metawatch_8pt_5pxl_Numerals.ttf in Resources */ = {isa = PBXBuildFile; fileRef = 27E0F3B2153F05E100D1C3F3 /* metawatch_8pt_5pxl_Numerals.ttf */; };
		27E0F3B8153F05E100D1C3F3 /* metawatch_8pt_6pxl_Numerals.ttf in Resources */ = {isa = PBXBuildFile; fileRef = 27E0F3B3153F05E100D1C3F3 /* metawatch_8pt_6pxl_Numerals.ttf */; };
		27E0F3B9153F05E100D1C3F3 /* metawatch_8pt_7pxl_CAPS.ttf in Resources */ = {isa = PBXBuildFile; fileRef = 27E0F3B4153F05E100D1C3F3 /* metawatch_8pt_7pxl_CAPS.ttf */; };
		27E0F3BA153F05E100D1C3F3 /* metawatch_16pt_11pxl.ttf in Resources */ = {isa = PBXBuildFile; fileRef = 27E0F3B5153F05E100D1C3F3 /* metawatch_16pt_11pxl.ttf */; };
		27E0F3C6153F115200D1C3F3 /* idel_bg.bmp in Resources */ = {isa = PBXBuildFile; fileRef = 27E0F3C5153F115200D1C3F3 /* idel_bg.bmp */; };
		27E0F3E3153F218500D1C3F3 /* MWWeatherMonitor.m in Sources */ = {isa = PBXBuildFile; fileRef = 27E0F3E2153F1E6F00D1C3F3 /* MWWeatherMonitor.m */; settings = {COMPILER_FLAGS = "-fno-objc-arc"; }; };
		27E0F3EB153F258600D1C3F3 /* weather_cloudy.bmp in Resources */ = {isa = PBXBuildFile; fileRef = 27E0F3E5153F258600D1C3F3 /* weather_cloudy.bmp */; };
		27E0F3EC153F258600D1C3F3 /* weather_rain.bmp in Resources */ = {isa = PBXBuildFile; fileRef = 27E0F3E6153F258600D1C3F3 /* weather_rain.bmp */; };
		27E0F3ED153F258600D1C3F3 /* weather_snow.bmp in Resources */ = {isa = PBXBuildFile; fileRef = 27E0F3E7153F258600D1C3F3 /* weather_snow.bmp */; };
		27E0F3EE153F258600D1C3F3 /* weather_sunny.bmp in Resources */ = {isa = PBXBuildFile; fileRef = 27E0F3E8153F258600D1C3F3 /* weather_sunny.bmp */; };
		27E0F3EF153F258600D1C3F3 /* weather_thunderstorm.bmp in Resources */ = {isa = PBXBuildFile; fileRef = 27E0F3E9153F258600D1C3F3 /* weather_thunderstorm.bmp */; };
		27E0F3F0153F258600D1C3F3 /* weather_wind.bmp in Resources */ = {isa = PBXBuildFile; fileRef = 27E0F3EA153F258600D1C3F3 /* weather_wind.bmp */; };
		27E0F3F7153F3FB300D1C3F3 /* bar.png in Resources */ = {isa = PBXBuildFile; fileRef = 27E0F3F5153F3FB300D1C3F3 /* bar.png */; };
		27E0F3F8153F3FB300D1C3F3 /* bar@2x.png in Resources */ = {isa = PBXBuildFile; fileRef = 27E0F3F6153F3FB300D1C3F3 /* bar@2x.png */; };
		27E2930A15626D0B00E0DB78 /* icon@2x.png in Resources */ = {isa = PBXBuildFile; fileRef = 27E2930915626D0A00E0DB78 /* icon@2x.png */; };
		27E2930C15626DBF00E0DB78 /* WidgetTimeSettingView.xib in Resources */ = {isa = PBXBuildFile; fileRef = 27E2930B15626DBF00E0DB78 /* WidgetTimeSettingView.xib */; };
		27E293181562793C00E0DB78 /* 1.bmp in Resources */ = {isa = PBXBuildFile; fileRef = 27E293141562793C00E0DB78 /* 1.bmp */; };
		27E293191562793C00E0DB78 /* 2.bmp in Resources */ = {isa = PBXBuildFile; fileRef = 27E293151562793C00E0DB78 /* 2.bmp */; };
		27E2931A1562793C00E0DB78 /* 3.bmp in Resources */ = {isa = PBXBuildFile; fileRef = 27E293161562793C00E0DB78 /* 3.bmp */; };
		27E2931B1562793C00E0DB78 /* 4.bmp in Resources */ = {isa = PBXBuildFile; fileRef = 27E293171562793C00E0DB78 /* 4.bmp */; };
		27EB0BAE157F67F900AE2186 /* MWMNotificationsManager.m in Sources */ = {isa = PBXBuildFile; fileRef = 27EB0BAD157F67F900AE2186 /* MWMNotificationsManager.m */; };
		27F2B46E156E6CB1005738E8 /* MWMWidget.m in Sources */ = {isa = PBXBuildFile; fileRef = 27F2B46D156E6CB1005738E8 /* MWMWidget.m */; };
		27F2B472156E732E005738E8 /* WidgetPhoneStatus.m in Sources */ = {isa = PBXBuildFile; fileRef = 27F2B471156E732E005738E8 /* WidgetPhoneStatus.m */; };
		27F2B474156E734B005738E8 /* WidgetPhoneStatusSettingView.xib in Resources */ = {isa = PBXBuildFile; fileRef = 27F2B473156E734B005738E8 /* WidgetPhoneStatusSettingView.xib */; };
		27F2B47B156E77AF005738E8 /* WidgetsSelectionViewController.m in Sources */ = {isa = PBXBuildFile; fileRef = 27F2B479156E77AE005738E8 /* WidgetsSelectionViewController.m */; };
		27F2B47C156E77AF005738E8 /* WidgetsSelectionViewController.xib in Resources */ = {isa = PBXBuildFile; fileRef = 27F2B47A156E77AF005738E8 /* WidgetsSelectionViewController.xib */; };
		27F7CE691541A95900C66158 /* WidgetWeather.m in Sources */ = {isa = PBXBuildFile; fileRef = 27F7CE681541A95900C66158 /* WidgetWeather.m */; };
		27FDD00D1546C8A20013D099 /* idle_bg.png in Resources */ = {isa = PBXBuildFile; fileRef = 27FDD00C1546C8A20013D099 /* idle_bg.png */; };
		27FDD0111546CAEA0013D099 /* WidgetTime.m in Sources */ = {isa = PBXBuildFile; fileRef = 27FDD0101546CAEA0013D099 /* WidgetTime.m */; };
		27FDD0131546F7FC0013D099 /* EventKit.framework in Frameworks */ = {isa = PBXBuildFile; fileRef = 27FDD0121546F7FC0013D099 /* EventKit.framework */; };
		27FDD0161546F8110013D099 /* WidgetCalendar.m in Sources */ = {isa = PBXBuildFile; fileRef = 27FDD0151546F8110013D099 /* WidgetCalendar.m */; };
/* End PBXBuildFile section */

/* Begin PBXFileReference section */
		270D2DC2154025DE0088C59C /* slider.png */ = {isa = PBXFileReference; lastKnownFileType = image.png; path = slider.png; sourceTree = "<group>"; };
		270D2DC3154025DE0088C59C /* slider@2x.png */ = {isa = PBXFileReference; lastKnownFileType = image.png; path = "slider@2x.png"; sourceTree = "<group>"; };
		270ECAA6156E62C800ECCCED /* MWMWidgetDelegate.h */ = {isa = PBXFileReference; fileEncoding = 4; lastKnownFileType = sourcecode.c.h; path = MWMWidgetDelegate.h; sourceTree = "<group>"; };
		2719C0D015664306007E49A4 /* WidgetWeatherSettingView.xib */ = {isa = PBXFileReference; fileEncoding = 4; lastKnownFileType = file.xib; path = WidgetWeatherSettingView.xib; sourceTree = "<group>"; };
		2719C0D315664318007E49A4 /* WidgetCalendarSettingView.xib */ = {isa = PBXFileReference; fileEncoding = 4; lastKnownFileType = file.xib; path = WidgetCalendarSettingView.xib; sourceTree = "<group>"; };
		271E82EB156EB9F400110EFA /* emptyface.png */ = {isa = PBXFileReference; lastKnownFileType = image.png; path = emptyface.png; sourceTree = "<group>"; };
		271E82EE156EC2C600110EFA /* frame.png */ = {isa = PBXFileReference; lastKnownFileType = image.png; path = frame.png; sourceTree = "<group>"; };
		274DA7BF15764AC400F864DE /* InfoViewController.h */ = {isa = PBXFileReference; fileEncoding = 4; lastKnownFileType = sourcecode.c.h; path = InfoViewController.h; sourceTree = "<group>"; };
		274DA7C015764AC400F864DE /* InfoViewController.m */ = {isa = PBXFileReference; fileEncoding = 4; lastKnownFileType = sourcecode.c.objc; path = InfoViewController.m; sourceTree = "<group>"; };
		274DA7C115764AC400F864DE /* InfoViewController.xib */ = {isa = PBXFileReference; fileEncoding = 4; lastKnownFileType = file.xib; path = InfoViewController.xib; sourceTree = "<group>"; };
		274DA7C915765C0200F864DE /* setting_icon.jpg */ = {isa = PBXFileReference; lastKnownFileType = image.jpeg; path = setting_icon.jpg; sourceTree = "<group>"; };
		274DA7CA15765C0200F864DE /* setting_icon@2x.jpg */ = {isa = PBXFileReference; lastKnownFileType = image.jpeg; path = "setting_icon@2x.jpg"; sourceTree = "<group>"; };
		2752BBEB157E1E9D0053FE77 /* TestViewController.h */ = {isa = PBXFileReference; fileEncoding = 4; lastKnownFileType = sourcecode.c.h; path = TestViewController.h; sourceTree = "<group>"; };
		2752BBEC157E1E9D0053FE77 /* TestViewController.m */ = {isa = PBXFileReference; fileEncoding = 4; lastKnownFileType = sourcecode.c.objc; path = TestViewController.m; sourceTree = "<group>"; };
		2752BBED157E1E9D0053FE77 /* TestViewController.xib */ = {isa = PBXFileReference; fileEncoding = 4; lastKnownFileType = file.xib; path = TestViewController.xib; sourceTree = "<group>"; };
		2752BBF0157E26900053FE77 /* AlarmViewController.h */ = {isa = PBXFileReference; fileEncoding = 4; lastKnownFileType = sourcecode.c.h; path = AlarmViewController.h; sourceTree = "<group>"; };
		2752BBF1157E26900053FE77 /* AlarmViewController.m */ = {isa = PBXFileReference; fileEncoding = 4; lastKnownFileType = sourcecode.c.objc; path = AlarmViewController.m; sourceTree = "<group>"; };
		2752BBF2157E26900053FE77 /* AlarmViewController.xib */ = {isa = PBXFileReference; fileEncoding = 4; lastKnownFileType = file.xib; path = AlarmViewController.xib; sourceTree = "<group>"; };
		2752BBF5157E3BDD0053FE77 /* WidgetsSelectionDelegate.h */ = {isa = PBXFileReference; fileEncoding = 4; lastKnownFileType = sourcecode.c.h; path = WidgetsSelectionDelegate.h; sourceTree = "<group>"; };
		275596CB1580CA5F00FD72A2 /* libMWManager.a */ = {isa = PBXFileReference; lastKnownFileType = archive.ar; path = libMWManager.a; sourceTree = "<group>"; };
		275596CC1580CA5F00FD72A2 /* MWManager.h */ = {isa = PBXFileReference; fileEncoding = 4; lastKnownFileType = sourcecode.c.h; path = MWManager.h; sourceTree = "<group>"; };
		27579DC9156C226400C8BAB0 /* README */ = {isa = PBXFileReference; fileEncoding = 4; lastKnownFileType = text; path = README; sourceTree = SOURCE_ROOT; };
		27590B50153F5D5D00A26413 /* bar-right.png */ = {isa = PBXFileReference; lastKnownFileType = image.png; path = "bar-right.png"; sourceTree = "<group>"; };
		27590B51153F5D5D00A26413 /* bar-left.png */ = {isa = PBXFileReference; lastKnownFileType = image.png; path = "bar-left.png"; sourceTree = "<group>"; };
		27590B52153F5D5D00A26413 /* bar-left@2x.png */ = {isa = PBXFileReference; lastKnownFileType = image.png; path = "bar-left@2x.png"; sourceTree = "<group>"; };
		27590B53153F5D5D00A26413 /* bar-right@2x.png */ = {isa = PBXFileReference; lastKnownFileType = image.png; path = "bar-right@2x.png"; sourceTree = "<group>"; };
		27590B59153F725C00A26413 /* DragImageView.h */ = {isa = PBXFileReference; fileEncoding = 4; lastKnownFileType = sourcecode.c.h; path = DragImageView.h; sourceTree = "<group>"; };
		27590B5A153F725C00A26413 /* DragImageView.m */ = {isa = PBXFileReference; fileEncoding = 4; lastKnownFileType = sourcecode.c.objc; path = DragImageView.m; sourceTree = "<group>"; };
		275A00B5153EA9470096E977 /* MWM.app */ = {isa = PBXFileReference; explicitFileType = wrapper.application; includeInIndex = 0; path = MWM.app; sourceTree = BUILT_PRODUCTS_DIR; };
		275A00B9153EA9470096E977 /* UIKit.framework */ = {isa = PBXFileReference; lastKnownFileType = wrapper.framework; name = UIKit.framework; path = System/Library/Frameworks/UIKit.framework; sourceTree = SDKROOT; };
		275A00BB153EA9470096E977 /* Foundation.framework */ = {isa = PBXFileReference; lastKnownFileType = wrapper.framework; name = Foundation.framework; path = System/Library/Frameworks/Foundation.framework; sourceTree = SDKROOT; };
		275A00BD153EA9470096E977 /* CoreGraphics.framework */ = {isa = PBXFileReference; lastKnownFileType = wrapper.framework; name = CoreGraphics.framework; path = System/Library/Frameworks/CoreGraphics.framework; sourceTree = SDKROOT; };
		275A00C1153EA9470096E977 /* MWM-Info.plist */ = {isa = PBXFileReference; lastKnownFileType = text.plist.xml; path = "MWM-Info.plist"; sourceTree = "<group>"; };
		275A00C3153EA9470096E977 /* en */ = {isa = PBXFileReference; lastKnownFileType = text.plist.strings; name = en; path = en.lproj/InfoPlist.strings; sourceTree = "<group>"; };
		275A00C5153EA9470096E977 /* main.m */ = {isa = PBXFileReference; lastKnownFileType = sourcecode.c.objc; path = main.m; sourceTree = "<group>"; };
		275A00C7153EA9470096E977 /* MWM-Prefix.pch */ = {isa = PBXFileReference; lastKnownFileType = sourcecode.c.h; path = "MWM-Prefix.pch"; sourceTree = "<group>"; };
		275A00C8153EA9470096E977 /* AppDelegate.h */ = {isa = PBXFileReference; lastKnownFileType = sourcecode.c.h; path = AppDelegate.h; sourceTree = "<group>"; };
		275A00C9153EA9470096E977 /* AppDelegate.m */ = {isa = PBXFileReference; lastKnownFileType = sourcecode.c.objc; path = AppDelegate.m; sourceTree = "<group>"; };
		275A00CB153EA9470096E977 /* MasterViewController.h */ = {isa = PBXFileReference; lastKnownFileType = sourcecode.c.h; path = MasterViewController.h; sourceTree = "<group>"; };
		275A00CC153EA9470096E977 /* MasterViewController.m */ = {isa = PBXFileReference; lastKnownFileType = sourcecode.c.objc; lineEnding = 0; path = MasterViewController.m; sourceTree = "<group>"; xcLanguageSpecificationIdentifier = xcode.lang.objc; };
		275A00D2153EA9470096E977 /* en */ = {isa = PBXFileReference; lastKnownFileType = file.xib; name = en; path = en.lproj/MasterViewController.xib; sourceTree = "<group>"; };
		275A00DD153EA9D10096E977 /* dude.png */ = {isa = PBXFileReference; lastKnownFileType = image.png; path = dude.png; sourceTree = "<group>"; };
		275A00DE153EA9D10096E977 /* handsfree@2x.jpeg */ = {isa = PBXFileReference; lastKnownFileType = image.jpeg; path = "handsfree@2x.jpeg"; sourceTree = "<group>"; };
		275A00E1153EB42D0096E977 /* watchface.png */ = {isa = PBXFileReference; lastKnownFileType = image.png; path = watchface.png; sourceTree = "<group>"; };
		275A00E3153EB47D0096E977 /* watchface@2x.png */ = {isa = PBXFileReference; lastKnownFileType = image.png; path = "watchface@2x.png"; sourceTree = "<group>"; };
		275A00E5153EB4DB0096E977 /* handsfree.jpeg */ = {isa = PBXFileReference; lastKnownFileType = image.jpeg; path = handsfree.jpeg; sourceTree = "<group>"; };
		275A00E7153EC6600096E977 /* idel.bmp */ = {isa = PBXFileReference; lastKnownFileType = image.bmp; path = idel.bmp; sourceTree = "<group>"; };
		276A1B2B15512434007C77C7 /* CoreBluetooth.framework */ = {isa = PBXFileReference; lastKnownFileType = wrapper.framework; name = CoreBluetooth.framework; path = System/Library/Frameworks/CoreBluetooth.framework; sourceTree = SDKROOT; };
		279CDCFC1562B8FA00C9FA63 /* MediaPlayer.framework */ = {isa = PBXFileReference; lastKnownFileType = wrapper.framework; name = MediaPlayer.framework; path = System/Library/Frameworks/MediaPlayer.framework; sourceTree = SDKROOT; };
		27A71CD4156BC44D0025D784 /* LICENSE */ = {isa = PBXFileReference; fileEncoding = 4; lastKnownFileType = text; path = LICENSE; sourceTree = "<group>"; };
		27CED4B11575392B00539874 /* setting@2x.png */ = {isa = PBXFileReference; lastKnownFileType = image.png; path = "setting@2x.png"; sourceTree = "<group>"; };
		27CED4B415753A5600539874 /* setting.png */ = {isa = PBXFileReference; lastKnownFileType = image.png; path = setting.png; sourceTree = "<group>"; };
		27CED4BB15753F1400539874 /* SettingsViewController.h */ = {isa = PBXFileReference; fileEncoding = 4; lastKnownFileType = sourcecode.c.h; path = SettingsViewController.h; sourceTree = "<group>"; };
		27CED4BC15753F1400539874 /* SettingsViewController.m */ = {isa = PBXFileReference; fileEncoding = 4; lastKnownFileType = sourcecode.c.objc; path = SettingsViewController.m; sourceTree = "<group>"; };
		27CED4BD15753F1400539874 /* SettingsViewController.xib */ = {isa = PBXFileReference; fileEncoding = 4; lastKnownFileType = file.xib; path = SettingsViewController.xib; sourceTree = "<group>"; };
		27E0F37A153ED04400D1C3F3 /* header-logo.png */ = {isa = PBXFileReference; lastKnownFileType = image.png; path = "header-logo.png"; sourceTree = "<group>"; };
		27E0F37B153ED04400D1C3F3 /* header-logo@2x.png */ = {isa = PBXFileReference; lastKnownFileType = image.png; path = "header-logo@2x.png"; sourceTree = "<group>"; };
		27E0F37F153ED09300D1C3F3 /* RevolutionStamp transparent fade.png */ = {isa = PBXFileReference; lastKnownFileType = image.png; path = "RevolutionStamp transparent fade.png"; sourceTree = "<group>"; };
		27E0F380153ED09300D1C3F3 /* RevolutionStamp transparent fade@2x.png */ = {isa = PBXFileReference; lastKnownFileType = image.png; path = "RevolutionStamp transparent fade@2x.png"; sourceTree = "<group>"; };
		27E0F383153ED14000D1C3F3 /* site-background.jpg */ = {isa = PBXFileReference; lastKnownFileType = image.jpeg; path = "site-background.jpg"; sourceTree = "<group>"; };
		27E0F384153ED14000D1C3F3 /* site-background@2x.jpg */ = {isa = PBXFileReference; lastKnownFileType = image.jpeg; path = "site-background@2x.jpg"; sourceTree = "<group>"; };
		27E0F389153ED8D300D1C3F3 /* barbg.png */ = {isa = PBXFileReference; lastKnownFileType = image.png; path = barbg.png; sourceTree = "<group>"; };
		27E0F38A153ED8D300D1C3F3 /* barbg@2x.png */ = {isa = PBXFileReference; lastKnownFileType = image.png; path = "barbg@2x.png"; sourceTree = "<group>"; };
		27E0F3B1153F05E100D1C3F3 /* metawatch_8pt_5pxl_CAPS.ttf */ = {isa = PBXFileReference; lastKnownFileType = file; path = metawatch_8pt_5pxl_CAPS.ttf; sourceTree = "<group>"; };
		27E0F3B2153F05E100D1C3F3 /* metawatch_8pt_5pxl_Numerals.ttf */ = {isa = PBXFileReference; lastKnownFileType = file; path = metawatch_8pt_5pxl_Numerals.ttf; sourceTree = "<group>"; };
		27E0F3B3153F05E100D1C3F3 /* metawatch_8pt_6pxl_Numerals.ttf */ = {isa = PBXFileReference; lastKnownFileType = file; path = metawatch_8pt_6pxl_Numerals.ttf; sourceTree = "<group>"; };
		27E0F3B4153F05E100D1C3F3 /* metawatch_8pt_7pxl_CAPS.ttf */ = {isa = PBXFileReference; lastKnownFileType = file; path = metawatch_8pt_7pxl_CAPS.ttf; sourceTree = "<group>"; };
		27E0F3B5153F05E100D1C3F3 /* metawatch_16pt_11pxl.ttf */ = {isa = PBXFileReference; lastKnownFileType = file; path = metawatch_16pt_11pxl.ttf; sourceTree = "<group>"; };
		27E0F3C5153F115200D1C3F3 /* idel_bg.bmp */ = {isa = PBXFileReference; lastKnownFileType = image.bmp; path = idel_bg.bmp; sourceTree = "<group>"; };
		27E0F3E1153F1E6F00D1C3F3 /* MWWeatherMonitor.h */ = {isa = PBXFileReference; lastKnownFileType = sourcecode.c.h; name = MWWeatherMonitor.h; path = GoogleWeatherAPI/MWWeatherMonitor.h; sourceTree = "<group>"; };
		27E0F3E2153F1E6F00D1C3F3 /* MWWeatherMonitor.m */ = {isa = PBXFileReference; lastKnownFileType = sourcecode.c.objc; name = MWWeatherMonitor.m; path = GoogleWeatherAPI/MWWeatherMonitor.m; sourceTree = "<group>"; };
		27E0F3E5153F258600D1C3F3 /* weather_cloudy.bmp */ = {isa = PBXFileReference; lastKnownFileType = image.bmp; path = weather_cloudy.bmp; sourceTree = "<group>"; };
		27E0F3E6153F258600D1C3F3 /* weather_rain.bmp */ = {isa = PBXFileReference; lastKnownFileType = image.bmp; path = weather_rain.bmp; sourceTree = "<group>"; };
		27E0F3E7153F258600D1C3F3 /* weather_snow.bmp */ = {isa = PBXFileReference; lastKnownFileType = image.bmp; path = weather_snow.bmp; sourceTree = "<group>"; };
		27E0F3E8153F258600D1C3F3 /* weather_sunny.bmp */ = {isa = PBXFileReference; lastKnownFileType = image.bmp; path = weather_sunny.bmp; sourceTree = "<group>"; };
		27E0F3E9153F258600D1C3F3 /* weather_thunderstorm.bmp */ = {isa = PBXFileReference; lastKnownFileType = image.bmp; path = weather_thunderstorm.bmp; sourceTree = "<group>"; };
		27E0F3EA153F258600D1C3F3 /* weather_wind.bmp */ = {isa = PBXFileReference; lastKnownFileType = image.bmp; path = weather_wind.bmp; sourceTree = "<group>"; };
		27E0F3F5153F3FB300D1C3F3 /* bar.png */ = {isa = PBXFileReference; lastKnownFileType = image.png; path = bar.png; sourceTree = "<group>"; };
		27E0F3F6153F3FB300D1C3F3 /* bar@2x.png */ = {isa = PBXFileReference; lastKnownFileType = image.png; path = "bar@2x.png"; sourceTree = "<group>"; };
		27E2930915626D0A00E0DB78 /* icon@2x.png */ = {isa = PBXFileReference; lastKnownFileType = image.png; name = "icon@2x.png"; path = "../icon@2x.png"; sourceTree = "<group>"; };
		27E2930B15626DBF00E0DB78 /* WidgetTimeSettingView.xib */ = {isa = PBXFileReference; fileEncoding = 4; lastKnownFileType = file.xib; path = WidgetTimeSettingView.xib; sourceTree = "<group>"; };
		27E293141562793C00E0DB78 /* 1.bmp */ = {isa = PBXFileReference; lastKnownFileType = image.bmp; path = 1.bmp; sourceTree = "<group>"; };
		27E293151562793C00E0DB78 /* 2.bmp */ = {isa = PBXFileReference; lastKnownFileType = image.bmp; path = 2.bmp; sourceTree = "<group>"; };
		27E293161562793C00E0DB78 /* 3.bmp */ = {isa = PBXFileReference; lastKnownFileType = image.bmp; path = 3.bmp; sourceTree = "<group>"; };
		27E293171562793C00E0DB78 /* 4.bmp */ = {isa = PBXFileReference; lastKnownFileType = image.bmp; path = 4.bmp; sourceTree = "<group>"; };
		27EB0BAC157F67F900AE2186 /* MWMNotificationsManager.h */ = {isa = PBXFileReference; fileEncoding = 4; lastKnownFileType = sourcecode.c.h; path = MWMNotificationsManager.h; sourceTree = "<group>"; };
		27EB0BAD157F67F900AE2186 /* MWMNotificationsManager.m */ = {isa = PBXFileReference; fileEncoding = 4; lastKnownFileType = sourcecode.c.objc; path = MWMNotificationsManager.m; sourceTree = "<group>"; };
		27F2B46C156E6CB1005738E8 /* MWMWidget.h */ = {isa = PBXFileReference; fileEncoding = 4; lastKnownFileType = sourcecode.c.h; lineEnding = 0; path = MWMWidget.h; sourceTree = "<group>"; xcLanguageSpecificationIdentifier = xcode.lang.objcpp; };
		27F2B46D156E6CB1005738E8 /* MWMWidget.m */ = {isa = PBXFileReference; fileEncoding = 4; lastKnownFileType = sourcecode.c.objc; lineEnding = 0; path = MWMWidget.m; sourceTree = "<group>"; xcLanguageSpecificationIdentifier = xcode.lang.objc; };
		27F2B470156E732E005738E8 /* WidgetPhoneStatus.h */ = {isa = PBXFileReference; fileEncoding = 4; lastKnownFileType = sourcecode.c.h; lineEnding = 0; path = WidgetPhoneStatus.h; sourceTree = "<group>"; xcLanguageSpecificationIdentifier = xcode.lang.objcpp; };
		27F2B471156E732E005738E8 /* WidgetPhoneStatus.m */ = {isa = PBXFileReference; fileEncoding = 4; lastKnownFileType = sourcecode.c.objc; lineEnding = 0; path = WidgetPhoneStatus.m; sourceTree = "<group>"; xcLanguageSpecificationIdentifier = xcode.lang.objc; };
		27F2B473156E734B005738E8 /* WidgetPhoneStatusSettingView.xib */ = {isa = PBXFileReference; fileEncoding = 4; lastKnownFileType = file.xib; path = WidgetPhoneStatusSettingView.xib; sourceTree = "<group>"; };
		27F2B478156E77AE005738E8 /* WidgetsSelectionViewController.h */ = {isa = PBXFileReference; fileEncoding = 4; lastKnownFileType = sourcecode.c.h; path = WidgetsSelectionViewController.h; sourceTree = "<group>"; };
		27F2B479156E77AE005738E8 /* WidgetsSelectionViewController.m */ = {isa = PBXFileReference; fileEncoding = 4; lastKnownFileType = sourcecode.c.objc; path = WidgetsSelectionViewController.m; sourceTree = "<group>"; };
		27F2B47A156E77AF005738E8 /* WidgetsSelectionViewController.xib */ = {isa = PBXFileReference; fileEncoding = 4; lastKnownFileType = file.xib; path = WidgetsSelectionViewController.xib; sourceTree = "<group>"; };
		27F7CE671541A95900C66158 /* WidgetWeather.h */ = {isa = PBXFileReference; fileEncoding = 4; lastKnownFileType = sourcecode.c.h; lineEnding = 0; path = WidgetWeather.h; sourceTree = "<group>"; xcLanguageSpecificationIdentifier = xcode.lang.objcpp; };
		27F7CE681541A95900C66158 /* WidgetWeather.m */ = {isa = PBXFileReference; fileEncoding = 4; lastKnownFileType = sourcecode.c.objc; lineEnding = 0; path = WidgetWeather.m; sourceTree = "<group>"; xcLanguageSpecificationIdentifier = xcode.lang.objc; };
		27FDD00C1546C8A20013D099 /* idle_bg.png */ = {isa = PBXFileReference; lastKnownFileType = image.png; path = idle_bg.png; sourceTree = "<group>"; };
		27FDD00F1546CAEA0013D099 /* WidgetTime.h */ = {isa = PBXFileReference; fileEncoding = 4; lastKnownFileType = sourcecode.c.h; lineEnding = 0; path = WidgetTime.h; sourceTree = "<group>"; xcLanguageSpecificationIdentifier = xcode.lang.objcpp; };
		27FDD0101546CAEA0013D099 /* WidgetTime.m */ = {isa = PBXFileReference; fileEncoding = 4; lastKnownFileType = sourcecode.c.objc; lineEnding = 0; path = WidgetTime.m; sourceTree = "<group>"; xcLanguageSpecificationIdentifier = xcode.lang.objc; };
		27FDD0121546F7FC0013D099 /* EventKit.framework */ = {isa = PBXFileReference; lastKnownFileType = wrapper.framework; name = EventKit.framework; path = System/Library/Frameworks/EventKit.framework; sourceTree = SDKROOT; };
		27FDD0141546F8110013D099 /* WidgetCalendar.h */ = {isa = PBXFileReference; fileEncoding = 4; lastKnownFileType = sourcecode.c.h; lineEnding = 0; path = WidgetCalendar.h; sourceTree = "<group>"; xcLanguageSpecificationIdentifier = xcode.lang.objcpp; };
		27FDD0151546F8110013D099 /* WidgetCalendar.m */ = {isa = PBXFileReference; fileEncoding = 4; lastKnownFileType = sourcecode.c.objc; lineEnding = 0; path = WidgetCalendar.m; sourceTree = "<group>"; xcLanguageSpecificationIdentifier = xcode.lang.objc; };
/* End PBXFileReference section */

/* Begin PBXFrameworksBuildPhase section */
		275A00B2153EA9470096E977 /* Frameworks */ = {
			isa = PBXFrameworksBuildPhase;
			buildActionMask = 2147483647;
			files = (
				279CDCFD1562B8FA00C9FA63 /* MediaPlayer.framework in Frameworks */,
				276A1B2C15512434007C77C7 /* CoreBluetooth.framework in Frameworks */,
				27FDD0131546F7FC0013D099 /* EventKit.framework in Frameworks */,
				275A00BA153EA9470096E977 /* UIKit.framework in Frameworks */,
				275A00BC153EA9470096E977 /* Foundation.framework in Frameworks */,
				275A00BE153EA9470096E977 /* CoreGraphics.framework in Frameworks */,
				275596CD1580CA5F00FD72A2 /* libMWManager.a in Frameworks */,
			);
			runOnlyForDeploymentPostprocessing = 0;
		};
/* End PBXFrameworksBuildPhase section */

/* Begin PBXGroup section */
		270ECAA4156E4ED200ECCCED /* WidgetPhoneStatus */ = {
			isa = PBXGroup;
			children = (
				27F2B470156E732E005738E8 /* WidgetPhoneStatus.h */,
				27F2B471156E732E005738E8 /* WidgetPhoneStatus.m */,
				27F2B473156E734B005738E8 /* WidgetPhoneStatusSettingView.xib */,
			);
			name = WidgetPhoneStatus;
			sourceTree = "<group>";
		};
		2752BBE8157DFB750053FE77 /* Settings */ = {
			isa = PBXGroup;
			children = (
				27CED4BB15753F1400539874 /* SettingsViewController.h */,
				27CED4BC15753F1400539874 /* SettingsViewController.m */,
				27CED4BD15753F1400539874 /* SettingsViewController.xib */,
				27EB0BB1157F82AE00AE2186 /* Widgets */,
				27EB0BB0157F829F00AE2186 /* Notifications */,
				2752BBEB157E1E9D0053FE77 /* TestViewController.h */,
				2752BBEC157E1E9D0053FE77 /* TestViewController.m */,
				2752BBED157E1E9D0053FE77 /* TestViewController.xib */,
			);
			name = Settings;
			sourceTree = "<group>";
		};
		2752BBEA157DFB850053FE77 /* Application Support */ = {
			isa = PBXGroup;
			children = (
				275596CA1580CA5F00FD72A2 /* libMWManager */,
				275A00C8153EA9470096E977 /* AppDelegate.h */,
				275A00C9153EA9470096E977 /* AppDelegate.m */,
				27EB0BAC157F67F900AE2186 /* MWMNotificationsManager.h */,
				27EB0BAD157F67F900AE2186 /* MWMNotificationsManager.m */,
				27590B59153F725C00A26413 /* DragImageView.h */,
				27590B5A153F725C00A26413 /* DragImageView.m */,
			);
			name = "Application Support";
			sourceTree = "<group>";
		};
		275596CA1580CA5F00FD72A2 /* libMWManager */ = {
			isa = PBXGroup;
			children = (
				275596CC1580CA5F00FD72A2 /* MWManager.h */,
				275596CB1580CA5F00FD72A2 /* libMWManager.a */,
			);
			path = libMWManager;
			sourceTree = "<group>";
		};
		275A00AA153EA9470096E977 = {
			isa = PBXGroup;
			children = (
				275A00BF153EA9470096E977 /* MWM */,
				275A00B8153EA9470096E977 /* Frameworks */,
				275A00B6153EA9470096E977 /* Products */,
			);
			sourceTree = "<group>";
		};
		275A00B6153EA9470096E977 /* Products */ = {
			isa = PBXGroup;
			children = (
				275A00B5153EA9470096E977 /* MWM.app */,
			);
			name = Products;
			sourceTree = "<group>";
		};
		275A00B8153EA9470096E977 /* Frameworks */ = {
			isa = PBXGroup;
			children = (
				279CDCFC1562B8FA00C9FA63 /* MediaPlayer.framework */,
				276A1B2B15512434007C77C7 /* CoreBluetooth.framework */,
				27FDD0121546F7FC0013D099 /* EventKit.framework */,
				275A00B9153EA9470096E977 /* UIKit.framework */,
				275A00BB153EA9470096E977 /* Foundation.framework */,
				275A00BD153EA9470096E977 /* CoreGraphics.framework */,
			);
			name = Frameworks;
			sourceTree = "<group>";
		};
		275A00BF153EA9470096E977 /* MWM */ = {
			isa = PBXGroup;
			children = (
				275A00DC153EA9C60096E977 /* Images */,
				27F7CE65154192E600C66158 /* Widgets */,
				2752BBEA157DFB850053FE77 /* Application Support */,
				275A00CB153EA9470096E977 /* MasterViewController.h */,
				275A00CC153EA9470096E977 /* MasterViewController.m */,
				275A00D1153EA9470096E977 /* MasterViewController.xib */,
				2752BBE8157DFB750053FE77 /* Settings */,
				274DA7BF15764AC400F864DE /* InfoViewController.h */,
				274DA7C015764AC400F864DE /* InfoViewController.m */,
				274DA7C115764AC400F864DE /* InfoViewController.xib */,
				275A00C0153EA9470096E977 /* Supporting Files */,
			);
			path = MWM;
			sourceTree = "<group>";
		};
		275A00C0153EA9470096E977 /* Supporting Files */ = {
			isa = PBXGroup;
			children = (
				27E0F39D153F01C800D1C3F3 /* Fonts */,
				275A00C1153EA9470096E977 /* MWM-Info.plist */,
				27579DC9156C226400C8BAB0 /* README */,
				275A00C2153EA9470096E977 /* InfoPlist.strings */,
				275A00C5153EA9470096E977 /* main.m */,
				275A00C7153EA9470096E977 /* MWM-Prefix.pch */,
				27A71CD4156BC44D0025D784 /* LICENSE */,
			);
			name = "Supporting Files";
			sourceTree = "<group>";
		};
		275A00DC153EA9C60096E977 /* Images */ = {
			isa = PBXGroup;
			children = (
				27CED4B11575392B00539874 /* setting@2x.png */,
				27CED4B415753A5600539874 /* setting.png */,
				271E82EB156EB9F400110EFA /* emptyface.png */,
				271E82EE156EC2C600110EFA /* frame.png */,
				27E2930915626D0A00E0DB78 /* icon@2x.png */,
				27E293141562793C00E0DB78 /* 1.bmp */,
				27E293151562793C00E0DB78 /* 2.bmp */,
				27E293161562793C00E0DB78 /* 3.bmp */,
				27E293171562793C00E0DB78 /* 4.bmp */,
				27FDD00C1546C8A20013D099 /* idle_bg.png */,
				274DA7C915765C0200F864DE /* setting_icon.jpg */,
				274DA7CA15765C0200F864DE /* setting_icon@2x.jpg */,
				27E0F3E4153F257000D1C3F3 /* WeatherIcons */,
				275A00DD153EA9D10096E977 /* dude.png */,
				270D2DC2154025DE0088C59C /* slider.png */,
				270D2DC3154025DE0088C59C /* slider@2x.png */,
				27590B50153F5D5D00A26413 /* bar-right.png */,
				27590B51153F5D5D00A26413 /* bar-left.png */,
				27590B52153F5D5D00A26413 /* bar-left@2x.png */,
				27590B53153F5D5D00A26413 /* bar-right@2x.png */,
				27E0F3F5153F3FB300D1C3F3 /* bar.png */,
				27E0F3F6153F3FB300D1C3F3 /* bar@2x.png */,
				275A00E5153EB4DB0096E977 /* handsfree.jpeg */,
				275A00DE153EA9D10096E977 /* handsfree@2x.jpeg */,
				275A00E3153EB47D0096E977 /* watchface@2x.png */,
				275A00E1153EB42D0096E977 /* watchface.png */,
				275A00E7153EC6600096E977 /* idel.bmp */,
				27E0F3C5153F115200D1C3F3 /* idel_bg.bmp */,
				27E0F37A153ED04400D1C3F3 /* header-logo.png */,
				27E0F37B153ED04400D1C3F3 /* header-logo@2x.png */,
				27E0F37F153ED09300D1C3F3 /* RevolutionStamp transparent fade.png */,
				27E0F380153ED09300D1C3F3 /* RevolutionStamp transparent fade@2x.png */,
				27E0F383153ED14000D1C3F3 /* site-background.jpg */,
				27E0F384153ED14000D1C3F3 /* site-background@2x.jpg */,
				27E0F389153ED8D300D1C3F3 /* barbg.png */,
				27E0F38A153ED8D300D1C3F3 /* barbg@2x.png */,
			);
			name = Images;
			sourceTree = "<group>";
		};
		27E0F39D153F01C800D1C3F3 /* Fonts */ = {
			isa = PBXGroup;
			children = (
				27E0F3B1153F05E100D1C3F3 /* metawatch_8pt_5pxl_CAPS.ttf */,
				27E0F3B2153F05E100D1C3F3 /* metawatch_8pt_5pxl_Numerals.ttf */,
				27E0F3B3153F05E100D1C3F3 /* metawatch_8pt_6pxl_Numerals.ttf */,
				27E0F3B4153F05E100D1C3F3 /* metawatch_8pt_7pxl_CAPS.ttf */,
				27E0F3B5153F05E100D1C3F3 /* metawatch_16pt_11pxl.ttf */,
			);
			name = Fonts;
			sourceTree = "<group>";
		};
		27E0F3E4153F257000D1C3F3 /* WeatherIcons */ = {
			isa = PBXGroup;
			children = (
				27E0F3E5153F258600D1C3F3 /* weather_cloudy.bmp */,
				27E0F3E6153F258600D1C3F3 /* weather_rain.bmp */,
				27E0F3E7153F258600D1C3F3 /* weather_snow.bmp */,
				27E0F3E8153F258600D1C3F3 /* weather_sunny.bmp */,
				27E0F3E9153F258600D1C3F3 /* weather_thunderstorm.bmp */,
				27E0F3EA153F258600D1C3F3 /* weather_wind.bmp */,
			);
			name = WeatherIcons;
			sourceTree = "<group>";
		};
		27E2930D15626DED00E0DB78 /* WidgetTime */ = {
			isa = PBXGroup;
			children = (
				27FDD00F1546CAEA0013D099 /* WidgetTime.h */,
				27FDD0101546CAEA0013D099 /* WidgetTime.m */,
				27E2930B15626DBF00E0DB78 /* WidgetTimeSettingView.xib */,
			);
			name = WidgetTime;
			sourceTree = "<group>";
		};
		27E2930E15626DF900E0DB78 /* WidgetWeather */ = {
			isa = PBXGroup;
			children = (
				27F7CE671541A95900C66158 /* WidgetWeather.h */,
				27F7CE681541A95900C66158 /* WidgetWeather.m */,
				2719C0D015664306007E49A4 /* WidgetWeatherSettingView.xib */,
				27E0F3E1153F1E6F00D1C3F3 /* MWWeatherMonitor.h */,
				27E0F3E2153F1E6F00D1C3F3 /* MWWeatherMonitor.m */,
			);
			name = WidgetWeather;
			sourceTree = "<group>";
		};
		27E2930F15626E0100E0DB78 /* WidgetCalendar */ = {
			isa = PBXGroup;
			children = (
				27FDD0141546F8110013D099 /* WidgetCalendar.h */,
				27FDD0151546F8110013D099 /* WidgetCalendar.m */,
				2719C0D315664318007E49A4 /* WidgetCalendarSettingView.xib */,
			);
			name = WidgetCalendar;
			sourceTree = "<group>";
		};
		27EB0BB0157F829F00AE2186 /* Notifications */ = {
			isa = PBXGroup;
			children = (
				2752BBF0157E26900053FE77 /* AlarmViewController.h */,
				2752BBF1157E26900053FE77 /* AlarmViewController.m */,
				2752BBF2157E26900053FE77 /* AlarmViewController.xib */,
			);
			name = Notifications;
			sourceTree = "<group>";
		};
		27EB0BB1157F82AE00AE2186 /* Widgets */ = {
			isa = PBXGroup;
			children = (
				2752BBF5157E3BDD0053FE77 /* WidgetsSelectionDelegate.h */,
				27F2B478156E77AE005738E8 /* WidgetsSelectionViewController.h */,
				27F2B479156E77AE005738E8 /* WidgetsSelectionViewController.m */,
				27F2B47A156E77AF005738E8 /* WidgetsSelectionViewController.xib */,
			);
			name = Widgets;
			sourceTree = "<group>";
		};
		27F7CE65154192E600C66158 /* Widgets */ = {
			isa = PBXGroup;
			children = (
				270ECAA6156E62C800ECCCED /* MWMWidgetDelegate.h */,
				27F2B46C156E6CB1005738E8 /* MWMWidget.h */,
				27F2B46D156E6CB1005738E8 /* MWMWidget.m */,
				270ECAA4156E4ED200ECCCED /* WidgetPhoneStatus */,
				27E2930D15626DED00E0DB78 /* WidgetTime */,
				27E2930E15626DF900E0DB78 /* WidgetWeather */,
				27E2930F15626E0100E0DB78 /* WidgetCalendar */,
			);
			name = Widgets;
			sourceTree = "<group>";
		};
/* End PBXGroup section */

/* Begin PBXNativeTarget section */
		275A00B4153EA9470096E977 /* MWM */ = {
			isa = PBXNativeTarget;
			buildConfigurationList = 275A00D9153EA9470096E977 /* Build configuration list for PBXNativeTarget "MWM" */;
			buildPhases = (
				275A00B1153EA9470096E977 /* Sources */,
				275A00B2153EA9470096E977 /* Frameworks */,
				275A00B3153EA9470096E977 /* Resources */,
			);
			buildRules = (
			);
			dependencies = (
			);
			name = MWM;
			productName = MWM;
			productReference = 275A00B5153EA9470096E977 /* MWM.app */;
			productType = "com.apple.product-type.application";
		};
/* End PBXNativeTarget section */

/* Begin PBXProject section */
		275A00AC153EA9470096E977 /* Project object */ = {
			isa = PBXProject;
			attributes = {
				LastUpgradeCheck = 0430;
				ORGANIZATIONNAME = "Meta Watch";
			};
			buildConfigurationList = 275A00AF153EA9470096E977 /* Build configuration list for PBXProject "MWM" */;
			compatibilityVersion = "Xcode 3.2";
			developmentRegion = English;
			hasScannedForEncodings = 0;
			knownRegions = (
				en,
			);
			mainGroup = 275A00AA153EA9470096E977;
			productRefGroup = 275A00B6153EA9470096E977 /* Products */;
			projectDirPath = "";
			projectRoot = "";
			targets = (
				275A00B4153EA9470096E977 /* MWM */,
			);
		};
/* End PBXProject section */

/* Begin PBXResourcesBuildPhase section */
		275A00B3153EA9470096E977 /* Resources */ = {
			isa = PBXResourcesBuildPhase;
			buildActionMask = 2147483647;
			files = (
				275A00C4153EA9470096E977 /* InfoPlist.strings in Resources */,
				275A00D3153EA9470096E977 /* MasterViewController.xib in Resources */,
				275A00DF153EA9D10096E977 /* dude.png in Resources */,
				275A00E0153EA9D10096E977 /* handsfree@2x.jpeg in Resources */,
				275A00E2153EB42D0096E977 /* watchface.png in Resources */,
				275A00E4153EB47D0096E977 /* watchface@2x.png in Resources */,
				275A00E6153EB4DB0096E977 /* handsfree.jpeg in Resources */,
				275A00E8153EC6600096E977 /* idel.bmp in Resources */,
				27E0F37C153ED04400D1C3F3 /* header-logo.png in Resources */,
				27E0F37D153ED04400D1C3F3 /* header-logo@2x.png in Resources */,
				27E0F381153ED09300D1C3F3 /* RevolutionStamp transparent fade.png in Resources */,
				27E0F382153ED09300D1C3F3 /* RevolutionStamp transparent fade@2x.png in Resources */,
				27E0F385153ED14000D1C3F3 /* site-background.jpg in Resources */,
				27E0F386153ED14000D1C3F3 /* site-background@2x.jpg in Resources */,
				27E0F38B153ED8D300D1C3F3 /* barbg.png in Resources */,
				27E0F38C153ED8D300D1C3F3 /* barbg@2x.png in Resources */,
				27E0F3B6153F05E100D1C3F3 /* metawatch_8pt_5pxl_CAPS.ttf in Resources */,
				27E0F3B7153F05E100D1C3F3 /* metawatch_8pt_5pxl_Numerals.ttf in Resources */,
				27E0F3B8153F05E100D1C3F3 /* metawatch_8pt_6pxl_Numerals.ttf in Resources */,
				27E0F3B9153F05E100D1C3F3 /* metawatch_8pt_7pxl_CAPS.ttf in Resources */,
				27E0F3BA153F05E100D1C3F3 /* metawatch_16pt_11pxl.ttf in Resources */,
				27E0F3C6153F115200D1C3F3 /* idel_bg.bmp in Resources */,
				27E0F3EB153F258600D1C3F3 /* weather_cloudy.bmp in Resources */,
				27E0F3EC153F258600D1C3F3 /* weather_rain.bmp in Resources */,
				27E0F3ED153F258600D1C3F3 /* weather_snow.bmp in Resources */,
				27E0F3EE153F258600D1C3F3 /* weather_sunny.bmp in Resources */,
				27E0F3EF153F258600D1C3F3 /* weather_thunderstorm.bmp in Resources */,
				27E0F3F0153F258600D1C3F3 /* weather_wind.bmp in Resources */,
				27E0F3F7153F3FB300D1C3F3 /* bar.png in Resources */,
				27E0F3F8153F3FB300D1C3F3 /* bar@2x.png in Resources */,
				27590B54153F5D5D00A26413 /* bar-right.png in Resources */,
				27590B55153F5D5D00A26413 /* bar-left.png in Resources */,
				27590B56153F5D5D00A26413 /* bar-left@2x.png in Resources */,
				27590B57153F5D5D00A26413 /* bar-right@2x.png in Resources */,
				270D2DC4154025DE0088C59C /* slider.png in Resources */,
				270D2DC5154025DE0088C59C /* slider@2x.png in Resources */,
				27FDD00D1546C8A20013D099 /* idle_bg.png in Resources */,
				27E2930A15626D0B00E0DB78 /* icon@2x.png in Resources */,
				27E2930C15626DBF00E0DB78 /* WidgetTimeSettingView.xib in Resources */,
				27E293181562793C00E0DB78 /* 1.bmp in Resources */,
				27E293191562793C00E0DB78 /* 2.bmp in Resources */,
				27E2931A1562793C00E0DB78 /* 3.bmp in Resources */,
				27E2931B1562793C00E0DB78 /* 4.bmp in Resources */,
				2719C0D115664306007E49A4 /* WidgetWeatherSettingView.xib in Resources */,
				2719C0D415664318007E49A4 /* WidgetCalendarSettingView.xib in Resources */,
				27A71CD5156BC44D0025D784 /* LICENSE in Resources */,
				27579DCA156C226400C8BAB0 /* README in Resources */,
				27F2B474156E734B005738E8 /* WidgetPhoneStatusSettingView.xib in Resources */,
				27F2B47C156E77AF005738E8 /* WidgetsSelectionViewController.xib in Resources */,
				271E82EC156EB9F400110EFA /* emptyface.png in Resources */,
				271E82EF156EC2C600110EFA /* frame.png in Resources */,
				27CED4B21575392B00539874 /* setting@2x.png in Resources */,
				27CED4B515753A5600539874 /* setting.png in Resources */,
				27CED4BF15753F1400539874 /* SettingsViewController.xib in Resources */,
				274DA7C315764AC400F864DE /* InfoViewController.xib in Resources */,
				274DA7CB15765C0200F864DE /* setting_icon.jpg in Resources */,
				274DA7CC15765C0200F864DE /* setting_icon@2x.jpg in Resources */,
				2752BBEF157E1E9D0053FE77 /* TestViewController.xib in Resources */,
				2752BBF4157E26900053FE77 /* AlarmViewController.xib in Resources */,
			);
			runOnlyForDeploymentPostprocessing = 0;
		};
/* End PBXResourcesBuildPhase section */

/* Begin PBXSourcesBuildPhase section */
		275A00B1153EA9470096E977 /* Sources */ = {
			isa = PBXSourcesBuildPhase;
			buildActionMask = 2147483647;
			files = (
				27E0F3E3153F218500D1C3F3 /* MWWeatherMonitor.m in Sources */,
				275A00C6153EA9470096E977 /* main.m in Sources */,
				275A00CA153EA9470096E977 /* AppDelegate.m in Sources */,
				275A00CD153EA9470096E977 /* MasterViewController.m in Sources */,
				27590B5B153F725D00A26413 /* DragImageView.m in Sources */,
				27F2B472156E732E005738E8 /* WidgetPhoneStatus.m in Sources */,
				27F7CE691541A95900C66158 /* WidgetWeather.m in Sources */,
				27FDD0111546CAEA0013D099 /* WidgetTime.m in Sources */,
				27FDD0161546F8110013D099 /* WidgetCalendar.m in Sources */,
				27F2B46E156E6CB1005738E8 /* MWMWidget.m in Sources */,
				27F2B47B156E77AF005738E8 /* WidgetsSelectionViewController.m in Sources */,
				27CED4BE15753F1400539874 /* SettingsViewController.m in Sources */,
				274DA7C215764AC400F864DE /* InfoViewController.m in Sources */,
				2752BBEE157E1E9D0053FE77 /* TestViewController.m in Sources */,
				2752BBF3157E26900053FE77 /* AlarmViewController.m in Sources */,
				27EB0BAE157F67F900AE2186 /* MWMNotificationsManager.m in Sources */,
			);
			runOnlyForDeploymentPostprocessing = 0;
		};
/* End PBXSourcesBuildPhase section */

/* Begin PBXVariantGroup section */
		275A00C2153EA9470096E977 /* InfoPlist.strings */ = {
			isa = PBXVariantGroup;
			children = (
				275A00C3153EA9470096E977 /* en */,
			);
			name = InfoPlist.strings;
			sourceTree = "<group>";
		};
		275A00D1153EA9470096E977 /* MasterViewController.xib */ = {
			isa = PBXVariantGroup;
			children = (
				275A00D2153EA9470096E977 /* en */,
			);
			name = MasterViewController.xib;
			sourceTree = "<group>";
		};
/* End PBXVariantGroup section */

/* Begin XCBuildConfiguration section */
		275A00D7153EA9470096E977 /* Debug */ = {
			isa = XCBuildConfiguration;
			buildSettings = {
				ALWAYS_SEARCH_USER_PATHS = NO;
				ARCHS = "$(ARCHS_STANDARD_32_BIT)";
				CLANG_ENABLE_OBJC_ARC = YES;
				"CODE_SIGN_IDENTITY[sdk=iphoneos*]" = "iPhone Developer";
				COPY_PHASE_STRIP = NO;
				GCC_C_LANGUAGE_STANDARD = gnu99;
				GCC_DYNAMIC_NO_PIC = NO;
				GCC_OPTIMIZATION_LEVEL = 0;
				GCC_PREPROCESSOR_DEFINITIONS = (
					"DEBUG=1",
					"$(inherited)",
				);
				GCC_SYMBOLS_PRIVATE_EXTERN = NO;
				GCC_VERSION = com.apple.compilers.llvm.clang.1_0;
				GCC_WARN_ABOUT_RETURN_TYPE = YES;
				GCC_WARN_UNINITIALIZED_AUTOS = YES;
				GCC_WARN_UNUSED_VARIABLE = YES;
				IPHONEOS_DEPLOYMENT_TARGET = 5.1;
				SDKROOT = iphoneos;
			};
			name = Debug;
		};
		275A00D8153EA9470096E977 /* Release */ = {
			isa = XCBuildConfiguration;
			buildSettings = {
				ALWAYS_SEARCH_USER_PATHS = NO;
				ARCHS = "$(ARCHS_STANDARD_32_BIT)";
				CLANG_ENABLE_OBJC_ARC = YES;
				"CODE_SIGN_IDENTITY[sdk=iphoneos*]" = "iPhone Developer";
				COPY_PHASE_STRIP = YES;
				GCC_C_LANGUAGE_STANDARD = gnu99;
				GCC_VERSION = com.apple.compilers.llvm.clang.1_0;
				GCC_WARN_ABOUT_RETURN_TYPE = YES;
				GCC_WARN_UNINITIALIZED_AUTOS = YES;
				GCC_WARN_UNUSED_VARIABLE = YES;
				IPHONEOS_DEPLOYMENT_TARGET = 5.1;
				OTHER_CFLAGS = "-DNS_BLOCK_ASSERTIONS=1";
				SDKROOT = iphoneos;
				VALIDATE_PRODUCT = YES;
			};
			name = Release;
		};
		275A00DA153EA9470096E977 /* Debug */ = {
			isa = XCBuildConfiguration;
			buildSettings = {
				GCC_PRECOMPILE_PREFIX_HEADER = YES;
				GCC_PREFIX_HEADER = "MWM/MWM-Prefix.pch";
				INFOPLIST_FILE = "MWM/MWM-Info.plist";
				LIBRARY_SEARCH_PATHS = (
					"$(inherited)",
					"\"$(SRCROOT)/MWM/libMWManager\"",
				);
				OTHER_LDFLAGS = "-lz";
				PRODUCT_NAME = "$(TARGET_NAME)";
				WRAPPER_EXTENSION = app;
			};
			name = Debug;
		};
		275A00DB153EA9470096E977 /* Release */ = {
			isa = XCBuildConfiguration;
			buildSettings = {
				GCC_PRECOMPILE_PREFIX_HEADER = YES;
				GCC_PREFIX_HEADER = "MWM/MWM-Prefix.pch";
				INFOPLIST_FILE = "MWM/MWM-Info.plist";
				LIBRARY_SEARCH_PATHS = (
					"$(inherited)",
					"\"$(SRCROOT)/MWM/libMWManager\"",
				);
				OTHER_LDFLAGS = "-lz";
				PRODUCT_NAME = "$(TARGET_NAME)";
				WRAPPER_EXTENSION = app;
			};
			name = Release;
		};
/* End XCBuildConfiguration section */

/* Begin XCConfigurationList section */
		275A00AF153EA9470096E977 /* Build configuration list for PBXProject "MWM" */ = {
			isa = XCConfigurationList;
			buildConfigurations = (
				275A00D7153EA9470096E977 /* Debug */,
				275A00D8153EA9470096E977 /* Release */,
			);
			defaultConfigurationIsVisible = 0;
			defaultConfigurationName = Release;
		};
		275A00D9153EA9470096E977 /* Build configuration list for PBXNativeTarget "MWM" */ = {
			isa = XCConfigurationList;
			buildConfigurations = (
				275A00DA153EA9470096E977 /* Debug */,
				275A00DB153EA9470096E977 /* Release */,
			);
			defaultConfigurationIsVisible = 0;
			defaultConfigurationName = Release;
		};
/* End XCConfigurationList section */
	};
	rootObject = 275A00AC153EA9470096E977 /* Project object */;
}
